// !$*UTF8*$!
{
	archiveVersion = 1;
	classes = {
	};
	objectVersion = 46;
	objects = {

/* Begin PBXBuildFile section */
		002AA1171CC41B71004885A5 /* KeybaseSwift.h in Headers */ = {isa = PBXBuildFile; fileRef = 002AA1161CC41B71004885A5 /* KeybaseSwift.h */; settings = {ATTRIBUTES = (Public, ); }; };
		002AA1F71CC41CC0004885A5 /* SwiftyJSON.framework in Frameworks */ = {isa = PBXBuildFile; fileRef = 002AA1F61CC41CC0004885A5 /* SwiftyJSON.framework */; };
		002AA1F91CC41D52004885A5 /* Request.swift in Sources */ = {isa = PBXBuildFile; fileRef = 002AA1F81CC41D52004885A5 /* Request.swift */; };
		002AA1FB1CC41F9B004885A5 /* Extensions.swift in Sources */ = {isa = PBXBuildFile; fileRef = 002AA1FA1CC41F9B004885A5 /* Extensions.swift */; };
		002AA2081CC42C51004885A5 /* MPMessagePack.framework in Frameworks */ = {isa = PBXBuildFile; fileRef = 002AA2061CC42C51004885A5 /* MPMessagePack.framework */; };
		002AA2091CC42C51004885A5 /* GHODictionary.framework in Frameworks */ = {isa = PBXBuildFile; fileRef = 002AA2071CC42C51004885A5 /* GHODictionary.framework */; };
		00DDA3A31E159E2700B8820C /* Account.swift in Sources */ = {isa = PBXBuildFile; fileRef = 00DDA3261E159E2700B8820C /* Account.swift */; };
		00DDA3A41E159E2700B8820C /* AccountRequest.swift in Sources */ = {isa = PBXBuildFile; fileRef = 00DDA3271E159E2700B8820C /* AccountRequest.swift */; };
		00DDA3A51E159E2700B8820C /* Apiserver.swift in Sources */ = {isa = PBXBuildFile; fileRef = 00DDA3281E159E2700B8820C /* Apiserver.swift */; };
		00DDA3A61E159E2700B8820C /* ApiserverRequest.swift in Sources */ = {isa = PBXBuildFile; fileRef = 00DDA3291E159E2700B8820C /* ApiserverRequest.swift */; };
		00DDA3A71E159E2700B8820C /* BackendCommon.swift in Sources */ = {isa = PBXBuildFile; fileRef = 00DDA32A1E159E2700B8820C /* BackendCommon.swift */; };
		00DDA3A81E159E2700B8820C /* BackendCommonRequest.swift in Sources */ = {isa = PBXBuildFile; fileRef = 00DDA32B1E159E2700B8820C /* BackendCommonRequest.swift */; };
		00DDA3A91E159E2700B8820C /* Block.swift in Sources */ = {isa = PBXBuildFile; fileRef = 00DDA32C1E159E2700B8820C /* Block.swift */; };
		00DDA3AA1E159E2700B8820C /* BlockRequest.swift in Sources */ = {isa = PBXBuildFile; fileRef = 00DDA32D1E159E2700B8820C /* BlockRequest.swift */; };
		00DDA3AB1E159E2700B8820C /* BTCRequest.swift in Sources */ = {isa = PBXBuildFile; fileRef = 00DDA32E1E159E2700B8820C /* BTCRequest.swift */; };
		00DDA3AC1E159E2700B8820C /* Common.swift in Sources */ = {isa = PBXBuildFile; fileRef = 00DDA32F1E159E2700B8820C /* Common.swift */; };
		00DDA3AD1E159E2700B8820C /* CommonRequest.swift in Sources */ = {isa = PBXBuildFile; fileRef = 00DDA3301E159E2700B8820C /* CommonRequest.swift */; };
		00DDA3AE1E159E2700B8820C /* Config.swift in Sources */ = {isa = PBXBuildFile; fileRef = 00DDA3311E159E2700B8820C /* Config.swift */; };
		00DDA3AF1E159E2700B8820C /* ConfigRequest.swift in Sources */ = {isa = PBXBuildFile; fileRef = 00DDA3321E159E2700B8820C /* ConfigRequest.swift */; };
		00DDA3B01E159E2700B8820C /* Constants.swift in Sources */ = {isa = PBXBuildFile; fileRef = 00DDA3331E159E2700B8820C /* Constants.swift */; };
		00DDA3B11E159E2700B8820C /* ConstantsRequest.swift in Sources */ = {isa = PBXBuildFile; fileRef = 00DDA3341E159E2700B8820C /* ConstantsRequest.swift */; };
		00DDA3B21E159E2700B8820C /* Crypto.swift in Sources */ = {isa = PBXBuildFile; fileRef = 00DDA3351E159E2700B8820C /* Crypto.swift */; };
		00DDA3B31E159E2700B8820C /* Cryptocurrency.swift in Sources */ = {isa = PBXBuildFile; fileRef = 00DDA3361E159E2700B8820C /* Cryptocurrency.swift */; };
		00DDA3B41E159E2700B8820C /* CryptocurrencyRequest.swift in Sources */ = {isa = PBXBuildFile; fileRef = 00DDA3371E159E2700B8820C /* CryptocurrencyRequest.swift */; };
		00DDA3B51E159E2700B8820C /* CryptoRequest.swift in Sources */ = {isa = PBXBuildFile; fileRef = 00DDA3381E159E2700B8820C /* CryptoRequest.swift */; };
		00DDA3B61E159E2700B8820C /* Ctl.swift in Sources */ = {isa = PBXBuildFile; fileRef = 00DDA3391E159E2700B8820C /* Ctl.swift */; };
		00DDA3B71E159E2700B8820C /* CtlRequest.swift in Sources */ = {isa = PBXBuildFile; fileRef = 00DDA33A1E159E2700B8820C /* CtlRequest.swift */; };
		00DDA3B81E159E2700B8820C /* Debugging.swift in Sources */ = {isa = PBXBuildFile; fileRef = 00DDA33B1E159E2700B8820C /* Debugging.swift */; };
		00DDA3B91E159E2700B8820C /* DebuggingRequest.swift in Sources */ = {isa = PBXBuildFile; fileRef = 00DDA33C1E159E2700B8820C /* DebuggingRequest.swift */; };
		00DDA3BA1E159E2700B8820C /* DelegateUICtlRequest.swift in Sources */ = {isa = PBXBuildFile; fileRef = 00DDA33D1E159E2700B8820C /* DelegateUICtlRequest.swift */; };
		00DDA3BB1E159E2700B8820C /* Device.swift in Sources */ = {isa = PBXBuildFile; fileRef = 00DDA33E1E159E2700B8820C /* Device.swift */; };
		00DDA3BC1E159E2700B8820C /* DeviceRequest.swift in Sources */ = {isa = PBXBuildFile; fileRef = 00DDA33F1E159E2700B8820C /* DeviceRequest.swift */; };
		00DDA3BD1E159E2700B8820C /* Favorite.swift in Sources */ = {isa = PBXBuildFile; fileRef = 00DDA3401E159E2700B8820C /* Favorite.swift */; };
		00DDA3BE1E159E2700B8820C /* FavoriteRequest.swift in Sources */ = {isa = PBXBuildFile; fileRef = 00DDA3411E159E2700B8820C /* FavoriteRequest.swift */; };
		00DDA3BF1E159E2700B8820C /* Fs.swift in Sources */ = {isa = PBXBuildFile; fileRef = 00DDA3421E159E2700B8820C /* Fs.swift */; };
		00DDA3C01E159E2700B8820C /* FsRequest.swift in Sources */ = {isa = PBXBuildFile; fileRef = 00DDA3431E159E2700B8820C /* FsRequest.swift */; };
		00DDA3C11E159E2700B8820C /* GpgCommon.swift in Sources */ = {isa = PBXBuildFile; fileRef = 00DDA3441E159E2700B8820C /* GpgCommon.swift */; };
		00DDA3C21E159E2700B8820C /* GpgCommonRequest.swift in Sources */ = {isa = PBXBuildFile; fileRef = 00DDA3451E159E2700B8820C /* GpgCommonRequest.swift */; };
		00DDA3C31E159E2700B8820C /* GpgUI.swift in Sources */ = {isa = PBXBuildFile; fileRef = 00DDA3461E159E2700B8820C /* GpgUI.swift */; };
		00DDA3C41E159E2700B8820C /* GpgUIRequest.swift in Sources */ = {isa = PBXBuildFile; fileRef = 00DDA3471E159E2700B8820C /* GpgUIRequest.swift */; };
		00DDA3C51E159E2700B8820C /* Identify.swift in Sources */ = {isa = PBXBuildFile; fileRef = 00DDA3481E159E2700B8820C /* Identify.swift */; };
		00DDA3C61E159E2700B8820C /* IdentifyCommon.swift in Sources */ = {isa = PBXBuildFile; fileRef = 00DDA3491E159E2700B8820C /* IdentifyCommon.swift */; };
		00DDA3C71E159E2700B8820C /* IdentifyCommonRequest.swift in Sources */ = {isa = PBXBuildFile; fileRef = 00DDA34A1E159E2700B8820C /* IdentifyCommonRequest.swift */; };
		00DDA3C81E159E2700B8820C /* IdentifyRequest.swift in Sources */ = {isa = PBXBuildFile; fileRef = 00DDA34B1E159E2700B8820C /* IdentifyRequest.swift */; };
		00DDA3C91E159E2700B8820C /* IdentifyUI.swift in Sources */ = {isa = PBXBuildFile; fileRef = 00DDA34C1E159E2700B8820C /* IdentifyUI.swift */; };
		00DDA3CA1E159E2700B8820C /* IdentifyUIRequest.swift in Sources */ = {isa = PBXBuildFile; fileRef = 00DDA34D1E159E2700B8820C /* IdentifyUIRequest.swift */; };
		00DDA3CB1E159E2700B8820C /* Install.swift in Sources */ = {isa = PBXBuildFile; fileRef = 00DDA34E1E159E2700B8820C /* Install.swift */; };
		00DDA3CC1E159E2700B8820C /* InstallRequest.swift in Sources */ = {isa = PBXBuildFile; fileRef = 00DDA34F1E159E2700B8820C /* InstallRequest.swift */; };
		00DDA3CD1E159E2700B8820C /* KbfsCommon.swift in Sources */ = {isa = PBXBuildFile; fileRef = 00DDA3501E159E2700B8820C /* KbfsCommon.swift */; };
		00DDA3CE1E159E2700B8820C /* KbfsCommonRequest.swift in Sources */ = {isa = PBXBuildFile; fileRef = 00DDA3511E159E2700B8820C /* KbfsCommonRequest.swift */; };
		00DDA3CF1E159E2700B8820C /* KbfsMountRequest.swift in Sources */ = {isa = PBXBuildFile; fileRef = 00DDA3521E159E2700B8820C /* KbfsMountRequest.swift */; };
		00DDA3D01E159E2700B8820C /* KbfsRequest.swift in Sources */ = {isa = PBXBuildFile; fileRef = 00DDA3531E159E2700B8820C /* KbfsRequest.swift */; };
		00DDA3D11E159E2700B8820C /* Kex2Provisionee.swift in Sources */ = {isa = PBXBuildFile; fileRef = 00DDA3541E159E2700B8820C /* Kex2Provisionee.swift */; };
		00DDA3D21E159E2700B8820C /* Kex2Provisionee2.swift in Sources */ = {isa = PBXBuildFile; fileRef = 00DDA3551E159E2700B8820C /* Kex2Provisionee2.swift */; };
		00DDA3D31E159E2700B8820C /* Kex2Provisionee2Request.swift in Sources */ = {isa = PBXBuildFile; fileRef = 00DDA3561E159E2700B8820C /* Kex2Provisionee2Request.swift */; };
		00DDA3D41E159E2700B8820C /* Kex2ProvisioneeRequest.swift in Sources */ = {isa = PBXBuildFile; fileRef = 00DDA3571E159E2700B8820C /* Kex2ProvisioneeRequest.swift */; };
		00DDA3D51E159E2700B8820C /* Kex2ProvisionerRequest.swift in Sources */ = {isa = PBXBuildFile; fileRef = 00DDA3581E159E2700B8820C /* Kex2ProvisionerRequest.swift */; };
		00DDA3D61E159E2700B8820C /* Login.swift in Sources */ = {isa = PBXBuildFile; fileRef = 00DDA3591E159E2700B8820C /* Login.swift */; };
		00DDA3D71E159E2700B8820C /* LoginRequest.swift in Sources */ = {isa = PBXBuildFile; fileRef = 00DDA35A1E159E2700B8820C /* LoginRequest.swift */; };
		00DDA3D81E159E2700B8820C /* LoginUIRequest.swift in Sources */ = {isa = PBXBuildFile; fileRef = 00DDA35B1E159E2700B8820C /* LoginUIRequest.swift */; };
		00DDA3D91E159E2700B8820C /* LogRequest.swift in Sources */ = {isa = PBXBuildFile; fileRef = 00DDA35C1E159E2700B8820C /* LogRequest.swift */; };
		00DDA3DA1E159E2700B8820C /* LogUIRequest.swift in Sources */ = {isa = PBXBuildFile; fileRef = 00DDA35D1E159E2700B8820C /* LogUIRequest.swift */; };
		00DDA3DB1E159E2700B8820C /* Metadata.swift in Sources */ = {isa = PBXBuildFile; fileRef = 00DDA35E1E159E2700B8820C /* Metadata.swift */; };
		00DDA3DC1E159E2700B8820C /* MetadataRequest.swift in Sources */ = {isa = PBXBuildFile; fileRef = 00DDA35F1E159E2700B8820C /* MetadataRequest.swift */; };
		00DDA3DD1E159E2700B8820C /* MetadataUpdateRequest.swift in Sources */ = {isa = PBXBuildFile; fileRef = 00DDA3601E159E2700B8820C /* MetadataUpdateRequest.swift */; };
		00DDA3DE1E159E2700B8820C /* NotifyAppRequest.swift in Sources */ = {isa = PBXBuildFile; fileRef = 00DDA3611E159E2700B8820C /* NotifyAppRequest.swift */; };
		00DDA3DF1E159E2700B8820C /* NotifyBadges.swift in Sources */ = {isa = PBXBuildFile; fileRef = 00DDA3621E159E2700B8820C /* NotifyBadges.swift */; };
		00DDA3E01E159E2700B8820C /* NotifyBadgesRequest.swift in Sources */ = {isa = PBXBuildFile; fileRef = 00DDA3631E159E2700B8820C /* NotifyBadgesRequest.swift */; };
		00DDA3E11E159E2700B8820C /* NotifyCtl.swift in Sources */ = {isa = PBXBuildFile; fileRef = 00DDA3641E159E2700B8820C /* NotifyCtl.swift */; };
		00DDA3E21E159E2700B8820C /* NotifyCtlRequest.swift in Sources */ = {isa = PBXBuildFile; fileRef = 00DDA3651E159E2700B8820C /* NotifyCtlRequest.swift */; };
		00DDA3E31E159E2700B8820C /* NotifyFavoritesRequest.swift in Sources */ = {isa = PBXBuildFile; fileRef = 00DDA3661E159E2700B8820C /* NotifyFavoritesRequest.swift */; };
		00DDA3E41E159E2700B8820C /* NotifyFSRequest.swift in Sources */ = {isa = PBXBuildFile; fileRef = 00DDA3671E159E2700B8820C /* NotifyFSRequest.swift */; };
		00DDA3E51E159E2700B8820C /* NotifyFSRequestRequest.swift in Sources */ = {isa = PBXBuildFile; fileRef = 00DDA3681E159E2700B8820C /* NotifyFSRequestRequest.swift */; };
		00DDA3E61E159E2700B8820C /* NotifyKeyfamilyRequest.swift in Sources */ = {isa = PBXBuildFile; fileRef = 00DDA3691E159E2700B8820C /* NotifyKeyfamilyRequest.swift */; };
		00DDA3E71E159E2700B8820C /* NotifyPaperKeyRequest.swift in Sources */ = {isa = PBXBuildFile; fileRef = 00DDA36A1E159E2700B8820C /* NotifyPaperKeyRequest.swift */; };
		00DDA3E81E159E2700B8820C /* NotifyPGPRequest.swift in Sources */ = {isa = PBXBuildFile; fileRef = 00DDA36B1E159E2700B8820C /* NotifyPGPRequest.swift */; };
		00DDA3E91E159E2700B8820C /* NotifyServiceRequest.swift in Sources */ = {isa = PBXBuildFile; fileRef = 00DDA36C1E159E2700B8820C /* NotifyServiceRequest.swift */; };
		00DDA3EA1E159E2700B8820C /* NotifySessionRequest.swift in Sources */ = {isa = PBXBuildFile; fileRef = 00DDA36D1E159E2700B8820C /* NotifySessionRequest.swift */; };
		00DDA3EB1E159E2700B8820C /* NotifyTrackingRequest.swift in Sources */ = {isa = PBXBuildFile; fileRef = 00DDA36E1E159E2700B8820C /* NotifyTrackingRequest.swift */; };
		00DDA3EC1E159E2700B8820C /* NotifyUsersRequest.swift in Sources */ = {isa = PBXBuildFile; fileRef = 00DDA36F1E159E2700B8820C /* NotifyUsersRequest.swift */; };
		00DDA3ED1E159E2700B8820C /* PaperprovisionRequest.swift in Sources */ = {isa = PBXBuildFile; fileRef = 00DDA3701E159E2700B8820C /* PaperprovisionRequest.swift */; };
		00DDA3EE1E159E2700B8820C /* PassphraseCommon.swift in Sources */ = {isa = PBXBuildFile; fileRef = 00DDA3711E159E2700B8820C /* PassphraseCommon.swift */; };
		00DDA3EF1E159E2700B8820C /* PassphraseCommonRequest.swift in Sources */ = {isa = PBXBuildFile; fileRef = 00DDA3721E159E2700B8820C /* PassphraseCommonRequest.swift */; };
		00DDA3F01E159E2700B8820C /* Pgp.swift in Sources */ = {isa = PBXBuildFile; fileRef = 00DDA3731E159E2700B8820C /* Pgp.swift */; };
		00DDA3F11E159E2700B8820C /* PgpRequest.swift in Sources */ = {isa = PBXBuildFile; fileRef = 00DDA3741E159E2700B8820C /* PgpRequest.swift */; };
		00DDA3F21E159E2700B8820C /* PgpUIRequest.swift in Sources */ = {isa = PBXBuildFile; fileRef = 00DDA3751E159E2700B8820C /* PgpUIRequest.swift */; };
		00DDA3F31E159E2700B8820C /* Process.swift in Sources */ = {isa = PBXBuildFile; fileRef = 00DDA3761E159E2700B8820C /* Process.swift */; };
		00DDA3F41E159E2700B8820C /* ProcessRequest.swift in Sources */ = {isa = PBXBuildFile; fileRef = 00DDA3771E159E2700B8820C /* ProcessRequest.swift */; };
		00DDA3F51E159E2700B8820C /* Prove.swift in Sources */ = {isa = PBXBuildFile; fileRef = 00DDA3781E159E2700B8820C /* Prove.swift */; };
		00DDA3F61E159E2700B8820C /* ProveCommon.swift in Sources */ = {isa = PBXBuildFile; fileRef = 00DDA3791E159E2700B8820C /* ProveCommon.swift */; };
		00DDA3F71E159E2700B8820C /* ProveCommonRequest.swift in Sources */ = {isa = PBXBuildFile; fileRef = 00DDA37A1E159E2700B8820C /* ProveCommonRequest.swift */; };
		00DDA3F81E159E2700B8820C /* ProveRequest.swift in Sources */ = {isa = PBXBuildFile; fileRef = 00DDA37B1E159E2700B8820C /* ProveRequest.swift */; };
		00DDA3F91E159E2700B8820C /* ProveUI.swift in Sources */ = {isa = PBXBuildFile; fileRef = 00DDA37C1E159E2700B8820C /* ProveUI.swift */; };
		00DDA3FA1E159E2700B8820C /* ProveUIRequest.swift in Sources */ = {isa = PBXBuildFile; fileRef = 00DDA37D1E159E2700B8820C /* ProveUIRequest.swift */; };
		00DDA3FB1E159E2700B8820C /* ProvisionUI.swift in Sources */ = {isa = PBXBuildFile; fileRef = 00DDA37E1E159E2700B8820C /* ProvisionUI.swift */; };
		00DDA3FC1E159E2700B8820C /* ProvisionUIRequest.swift in Sources */ = {isa = PBXBuildFile; fileRef = 00DDA37F1E159E2700B8820C /* ProvisionUIRequest.swift */; };
		00DDA3FD1E159E2700B8820C /* Quota.swift in Sources */ = {isa = PBXBuildFile; fileRef = 00DDA3801E159E2700B8820C /* Quota.swift */; };
		00DDA3FE1E159E2700B8820C /* QuotaRequest.swift in Sources */ = {isa = PBXBuildFile; fileRef = 00DDA3811E159E2700B8820C /* QuotaRequest.swift */; };
		00DDA3FF1E159E2700B8820C /* Reachability.swift in Sources */ = {isa = PBXBuildFile; fileRef = 00DDA3821E159E2700B8820C /* Reachability.swift */; };
		00DDA4001E159E2700B8820C /* ReachabilityRequest.swift in Sources */ = {isa = PBXBuildFile; fileRef = 00DDA3831E159E2700B8820C /* ReachabilityRequest.swift */; };
		00DDA4011E159E2700B8820C /* Rekey.swift in Sources */ = {isa = PBXBuildFile; fileRef = 00DDA3841E159E2700B8820C /* Rekey.swift */; };
		00DDA4021E159E2700B8820C /* RekeyRequest.swift in Sources */ = {isa = PBXBuildFile; fileRef = 00DDA3851E159E2700B8820C /* RekeyRequest.swift */; };
		00DDA4031E159E2700B8820C /* RekeyUI.swift in Sources */ = {isa = PBXBuildFile; fileRef = 00DDA3861E159E2700B8820C /* RekeyUI.swift */; };
		00DDA4041E159E2700B8820C /* RekeyUIRequest.swift in Sources */ = {isa = PBXBuildFile; fileRef = 00DDA3871E159E2700B8820C /* RekeyUIRequest.swift */; };
		00DDA4051E159E2700B8820C /* RevokeRequest.swift in Sources */ = {isa = PBXBuildFile; fileRef = 00DDA3881E159E2700B8820C /* RevokeRequest.swift */; };
		00DDA4061E159E2700B8820C /* Saltpack.swift in Sources */ = {isa = PBXBuildFile; fileRef = 00DDA3891E159E2700B8820C /* Saltpack.swift */; };
		00DDA4071E159E2700B8820C /* SaltpackRequest.swift in Sources */ = {isa = PBXBuildFile; fileRef = 00DDA38A1E159E2700B8820C /* SaltpackRequest.swift */; };
		00DDA4081E159E2700B8820C /* SaltpackUI.swift in Sources */ = {isa = PBXBuildFile; fileRef = 00DDA38B1E159E2700B8820C /* SaltpackUI.swift */; };
		00DDA4091E159E2700B8820C /* SaltpackUIRequest.swift in Sources */ = {isa = PBXBuildFile; fileRef = 00DDA38C1E159E2700B8820C /* SaltpackUIRequest.swift */; };
		00DDA40A1E159E2700B8820C /* ScanProofsRequest.swift in Sources */ = {isa = PBXBuildFile; fileRef = 00DDA38D1E159E2700B8820C /* ScanProofsRequest.swift */; };
		00DDA40B1E159E2700B8820C /* SecretKeys.swift in Sources */ = {isa = PBXBuildFile; fileRef = 00DDA38E1E159E2700B8820C /* SecretKeys.swift */; };
		00DDA40C1E159E2700B8820C /* SecretKeysRequest.swift in Sources */ = {isa = PBXBuildFile; fileRef = 00DDA38F1E159E2700B8820C /* SecretKeysRequest.swift */; };
		00DDA40D1E159E2700B8820C /* SecretUI.swift in Sources */ = {isa = PBXBuildFile; fileRef = 00DDA3901E159E2700B8820C /* SecretUI.swift */; };
		00DDA40E1E159E2700B8820C /* SecretUIRequest.swift in Sources */ = {isa = PBXBuildFile; fileRef = 00DDA3911E159E2700B8820C /* SecretUIRequest.swift */; };
		00DDA40F1E159E2700B8820C /* Session.swift in Sources */ = {isa = PBXBuildFile; fileRef = 00DDA3921E159E2700B8820C /* Session.swift */; };
		00DDA4101E159E2700B8820C /* SessionRequest.swift in Sources */ = {isa = PBXBuildFile; fileRef = 00DDA3931E159E2700B8820C /* SessionRequest.swift */; };
		00DDA4111E159E2700B8820C /* Signup.swift in Sources */ = {isa = PBXBuildFile; fileRef = 00DDA3941E159E2700B8820C /* Signup.swift */; };
		00DDA4121E159E2700B8820C /* SignupRequest.swift in Sources */ = {isa = PBXBuildFile; fileRef = 00DDA3951E159E2700B8820C /* SignupRequest.swift */; };
		00DDA4131E159E2700B8820C /* Sigs.swift in Sources */ = {isa = PBXBuildFile; fileRef = 00DDA3961E159E2700B8820C /* Sigs.swift */; };
		00DDA4141E159E2700B8820C /* SigsRequest.swift in Sources */ = {isa = PBXBuildFile; fileRef = 00DDA3971E159E2700B8820C /* SigsRequest.swift */; };
		00DDA4151E159E2700B8820C /* StreamUIRequest.swift in Sources */ = {isa = PBXBuildFile; fileRef = 00DDA3981E159E2700B8820C /* StreamUIRequest.swift */; };
		00DDA4161E159E2700B8820C /* Test.swift in Sources */ = {isa = PBXBuildFile; fileRef = 00DDA3991E159E2700B8820C /* Test.swift */; };
		00DDA4171E159E2700B8820C /* TestRequest.swift in Sources */ = {isa = PBXBuildFile; fileRef = 00DDA39A1E159E2700B8820C /* TestRequest.swift */; };
		00DDA4181E159E2700B8820C /* TlfKeys.swift in Sources */ = {isa = PBXBuildFile; fileRef = 00DDA39B1E159E2700B8820C /* TlfKeys.swift */; };
		00DDA4191E159E2700B8820C /* TlfKeysRequest.swift in Sources */ = {isa = PBXBuildFile; fileRef = 00DDA39C1E159E2700B8820C /* TlfKeysRequest.swift */; };
		00DDA41A1E159E2700B8820C /* TlfRequest.swift in Sources */ = {isa = PBXBuildFile; fileRef = 00DDA39D1E159E2700B8820C /* TlfRequest.swift */; };
		00DDA41B1E159E2700B8820C /* TrackRequest.swift in Sources */ = {isa = PBXBuildFile; fileRef = 00DDA39E1E159E2700B8820C /* TrackRequest.swift */; };
		00DDA41C1E159E2700B8820C /* UI.swift in Sources */ = {isa = PBXBuildFile; fileRef = 00DDA39F1E159E2700B8820C /* UI.swift */; };
		00DDA41D1E159E2700B8820C /* UIRequest.swift in Sources */ = {isa = PBXBuildFile; fileRef = 00DDA3A01E159E2700B8820C /* UIRequest.swift */; };
		00DDA41E1E159E2700B8820C /* User.swift in Sources */ = {isa = PBXBuildFile; fileRef = 00DDA3A11E159E2700B8820C /* User.swift */; };
		00DDA41F1E159E2700B8820C /* UserRequest.swift in Sources */ = {isa = PBXBuildFile; fileRef = 00DDA3A21E159E2700B8820C /* UserRequest.swift */; };
/* End PBXBuildFile section */

/* Begin PBXFileReference section */
		002AA1131CC41B71004885A5 /* KeybaseSwift.framework */ = {isa = PBXFileReference; explicitFileType = wrapper.framework; includeInIndex = 0; path = KeybaseSwift.framework; sourceTree = BUILT_PRODUCTS_DIR; };
		002AA1161CC41B71004885A5 /* KeybaseSwift.h */ = {isa = PBXFileReference; lastKnownFileType = sourcecode.c.h; path = KeybaseSwift.h; sourceTree = "<group>"; };
		002AA1181CC41B71004885A5 /* Info.plist */ = {isa = PBXFileReference; lastKnownFileType = text.plist.xml; path = Info.plist; sourceTree = "<group>"; };
		002AA1241CC41B72004885A5 /* Info.plist */ = {isa = PBXFileReference; lastKnownFileType = text.plist.xml; path = Info.plist; sourceTree = "<group>"; };
		002AA1F61CC41CC0004885A5 /* SwiftyJSON.framework */ = {isa = PBXFileReference; lastKnownFileType = wrapper.framework; name = SwiftyJSON.framework; path = Carthage/Build/Mac/SwiftyJSON.framework; sourceTree = "<group>"; };
		002AA1F81CC41D52004885A5 /* Request.swift */ = {isa = PBXFileReference; fileEncoding = 4; lastKnownFileType = sourcecode.swift; path = Request.swift; sourceTree = "<group>"; };
		002AA1FA1CC41F9B004885A5 /* Extensions.swift */ = {isa = PBXFileReference; fileEncoding = 4; lastKnownFileType = sourcecode.swift; path = Extensions.swift; sourceTree = "<group>"; };
		002AA1FC1CC4294C004885A5 /* JSONTests.swift */ = {isa = PBXFileReference; fileEncoding = 4; lastKnownFileType = sourcecode.swift; path = JSONTests.swift; sourceTree = "<group>"; };
		002AA1FD1CC4294C004885A5 /* MessagePackTests.swift */ = {isa = PBXFileReference; fileEncoding = 4; lastKnownFileType = sourcecode.swift; path = MessagePackTests.swift; sourceTree = "<group>"; };
		002AA1FE1CC4294C004885A5 /* RequestTests.swift */ = {isa = PBXFileReference; fileEncoding = 4; lastKnownFileType = sourcecode.swift; path = RequestTests.swift; sourceTree = "<group>"; };
		002AA2021CC429A3004885A5 /* Cartfile */ = {isa = PBXFileReference; fileEncoding = 4; lastKnownFileType = text; path = Cartfile; sourceTree = "<group>"; };
		002AA2061CC42C51004885A5 /* MPMessagePack.framework */ = {isa = PBXFileReference; lastKnownFileType = wrapper.framework; name = MPMessagePack.framework; path = Carthage/Build/Mac/MPMessagePack.framework; sourceTree = "<group>"; };
		002AA2071CC42C51004885A5 /* GHODictionary.framework */ = {isa = PBXFileReference; lastKnownFileType = wrapper.framework; name = GHODictionary.framework; path = Carthage/Build/Mac/GHODictionary.framework; sourceTree = "<group>"; };
		002AA2141CC471FA004885A5 /* KeybaseSwiftTests.swift */ = {isa = PBXFileReference; lastKnownFileType = sourcecode.swift; path = KeybaseSwiftTests.swift; sourceTree = "<group>"; };
		00DDA3261E159E2700B8820C /* Account.swift */ = {isa = PBXFileReference; fileEncoding = 4; lastKnownFileType = sourcecode.swift; path = Account.swift; sourceTree = "<group>"; };
		00DDA3271E159E2700B8820C /* AccountRequest.swift */ = {isa = PBXFileReference; fileEncoding = 4; lastKnownFileType = sourcecode.swift; path = AccountRequest.swift; sourceTree = "<group>"; };
		00DDA3281E159E2700B8820C /* Apiserver.swift */ = {isa = PBXFileReference; fileEncoding = 4; lastKnownFileType = sourcecode.swift; path = Apiserver.swift; sourceTree = "<group>"; };
		00DDA3291E159E2700B8820C /* ApiserverRequest.swift */ = {isa = PBXFileReference; fileEncoding = 4; lastKnownFileType = sourcecode.swift; path = ApiserverRequest.swift; sourceTree = "<group>"; };
		00DDA32A1E159E2700B8820C /* BackendCommon.swift */ = {isa = PBXFileReference; fileEncoding = 4; lastKnownFileType = sourcecode.swift; path = BackendCommon.swift; sourceTree = "<group>"; };
		00DDA32B1E159E2700B8820C /* BackendCommonRequest.swift */ = {isa = PBXFileReference; fileEncoding = 4; lastKnownFileType = sourcecode.swift; path = BackendCommonRequest.swift; sourceTree = "<group>"; };
		00DDA32C1E159E2700B8820C /* Block.swift */ = {isa = PBXFileReference; fileEncoding = 4; lastKnownFileType = sourcecode.swift; path = Block.swift; sourceTree = "<group>"; };
		00DDA32D1E159E2700B8820C /* BlockRequest.swift */ = {isa = PBXFileReference; fileEncoding = 4; lastKnownFileType = sourcecode.swift; path = BlockRequest.swift; sourceTree = "<group>"; };
		00DDA32E1E159E2700B8820C /* BTCRequest.swift */ = {isa = PBXFileReference; fileEncoding = 4; lastKnownFileType = sourcecode.swift; path = BTCRequest.swift; sourceTree = "<group>"; };
		00DDA32F1E159E2700B8820C /* Common.swift */ = {isa = PBXFileReference; fileEncoding = 4; lastKnownFileType = sourcecode.swift; path = Common.swift; sourceTree = "<group>"; };
		00DDA3301E159E2700B8820C /* CommonRequest.swift */ = {isa = PBXFileReference; fileEncoding = 4; lastKnownFileType = sourcecode.swift; path = CommonRequest.swift; sourceTree = "<group>"; };
		00DDA3311E159E2700B8820C /* Config.swift */ = {isa = PBXFileReference; fileEncoding = 4; lastKnownFileType = sourcecode.swift; path = Config.swift; sourceTree = "<group>"; };
		00DDA3321E159E2700B8820C /* ConfigRequest.swift */ = {isa = PBXFileReference; fileEncoding = 4; lastKnownFileType = sourcecode.swift; path = ConfigRequest.swift; sourceTree = "<group>"; };
		00DDA3331E159E2700B8820C /* Constants.swift */ = {isa = PBXFileReference; fileEncoding = 4; lastKnownFileType = sourcecode.swift; path = Constants.swift; sourceTree = "<group>"; };
		00DDA3341E159E2700B8820C /* ConstantsRequest.swift */ = {isa = PBXFileReference; fileEncoding = 4; lastKnownFileType = sourcecode.swift; path = ConstantsRequest.swift; sourceTree = "<group>"; };
		00DDA3351E159E2700B8820C /* Crypto.swift */ = {isa = PBXFileReference; fileEncoding = 4; lastKnownFileType = sourcecode.swift; path = Crypto.swift; sourceTree = "<group>"; };
		00DDA3361E159E2700B8820C /* Cryptocurrency.swift */ = {isa = PBXFileReference; fileEncoding = 4; lastKnownFileType = sourcecode.swift; path = Cryptocurrency.swift; sourceTree = "<group>"; };
		00DDA3371E159E2700B8820C /* CryptocurrencyRequest.swift */ = {isa = PBXFileReference; fileEncoding = 4; lastKnownFileType = sourcecode.swift; path = CryptocurrencyRequest.swift; sourceTree = "<group>"; };
		00DDA3381E159E2700B8820C /* CryptoRequest.swift */ = {isa = PBXFileReference; fileEncoding = 4; lastKnownFileType = sourcecode.swift; path = CryptoRequest.swift; sourceTree = "<group>"; };
		00DDA3391E159E2700B8820C /* Ctl.swift */ = {isa = PBXFileReference; fileEncoding = 4; lastKnownFileType = sourcecode.swift; path = Ctl.swift; sourceTree = "<group>"; };
		00DDA33A1E159E2700B8820C /* CtlRequest.swift */ = {isa = PBXFileReference; fileEncoding = 4; lastKnownFileType = sourcecode.swift; path = CtlRequest.swift; sourceTree = "<group>"; };
		00DDA33B1E159E2700B8820C /* Debugging.swift */ = {isa = PBXFileReference; fileEncoding = 4; lastKnownFileType = sourcecode.swift; path = Debugging.swift; sourceTree = "<group>"; };
		00DDA33C1E159E2700B8820C /* DebuggingRequest.swift */ = {isa = PBXFileReference; fileEncoding = 4; lastKnownFileType = sourcecode.swift; path = DebuggingRequest.swift; sourceTree = "<group>"; };
		00DDA33D1E159E2700B8820C /* DelegateUICtlRequest.swift */ = {isa = PBXFileReference; fileEncoding = 4; lastKnownFileType = sourcecode.swift; path = DelegateUICtlRequest.swift; sourceTree = "<group>"; };
		00DDA33E1E159E2700B8820C /* Device.swift */ = {isa = PBXFileReference; fileEncoding = 4; lastKnownFileType = sourcecode.swift; path = Device.swift; sourceTree = "<group>"; };
		00DDA33F1E159E2700B8820C /* DeviceRequest.swift */ = {isa = PBXFileReference; fileEncoding = 4; lastKnownFileType = sourcecode.swift; path = DeviceRequest.swift; sourceTree = "<group>"; };
		00DDA3401E159E2700B8820C /* Favorite.swift */ = {isa = PBXFileReference; fileEncoding = 4; lastKnownFileType = sourcecode.swift; path = Favorite.swift; sourceTree = "<group>"; };
		00DDA3411E159E2700B8820C /* FavoriteRequest.swift */ = {isa = PBXFileReference; fileEncoding = 4; lastKnownFileType = sourcecode.swift; path = FavoriteRequest.swift; sourceTree = "<group>"; };
		00DDA3421E159E2700B8820C /* Fs.swift */ = {isa = PBXFileReference; fileEncoding = 4; lastKnownFileType = sourcecode.swift; path = Fs.swift; sourceTree = "<group>"; };
		00DDA3431E159E2700B8820C /* FsRequest.swift */ = {isa = PBXFileReference; fileEncoding = 4; lastKnownFileType = sourcecode.swift; path = FsRequest.swift; sourceTree = "<group>"; };
		00DDA3441E159E2700B8820C /* GpgCommon.swift */ = {isa = PBXFileReference; fileEncoding = 4; lastKnownFileType = sourcecode.swift; path = GpgCommon.swift; sourceTree = "<group>"; };
		00DDA3451E159E2700B8820C /* GpgCommonRequest.swift */ = {isa = PBXFileReference; fileEncoding = 4; lastKnownFileType = sourcecode.swift; path = GpgCommonRequest.swift; sourceTree = "<group>"; };
		00DDA3461E159E2700B8820C /* GpgUI.swift */ = {isa = PBXFileReference; fileEncoding = 4; lastKnownFileType = sourcecode.swift; path = GpgUI.swift; sourceTree = "<group>"; };
		00DDA3471E159E2700B8820C /* GpgUIRequest.swift */ = {isa = PBXFileReference; fileEncoding = 4; lastKnownFileType = sourcecode.swift; path = GpgUIRequest.swift; sourceTree = "<group>"; };
		00DDA3481E159E2700B8820C /* Identify.swift */ = {isa = PBXFileReference; fileEncoding = 4; lastKnownFileType = sourcecode.swift; path = Identify.swift; sourceTree = "<group>"; };
		00DDA3491E159E2700B8820C /* IdentifyCommon.swift */ = {isa = PBXFileReference; fileEncoding = 4; lastKnownFileType = sourcecode.swift; path = IdentifyCommon.swift; sourceTree = "<group>"; };
		00DDA34A1E159E2700B8820C /* IdentifyCommonRequest.swift */ = {isa = PBXFileReference; fileEncoding = 4; lastKnownFileType = sourcecode.swift; path = IdentifyCommonRequest.swift; sourceTree = "<group>"; };
		00DDA34B1E159E2700B8820C /* IdentifyRequest.swift */ = {isa = PBXFileReference; fileEncoding = 4; lastKnownFileType = sourcecode.swift; path = IdentifyRequest.swift; sourceTree = "<group>"; };
		00DDA34C1E159E2700B8820C /* IdentifyUI.swift */ = {isa = PBXFileReference; fileEncoding = 4; lastKnownFileType = sourcecode.swift; path = IdentifyUI.swift; sourceTree = "<group>"; };
		00DDA34D1E159E2700B8820C /* IdentifyUIRequest.swift */ = {isa = PBXFileReference; fileEncoding = 4; lastKnownFileType = sourcecode.swift; path = IdentifyUIRequest.swift; sourceTree = "<group>"; };
		00DDA34E1E159E2700B8820C /* Install.swift */ = {isa = PBXFileReference; fileEncoding = 4; lastKnownFileType = sourcecode.swift; path = Install.swift; sourceTree = "<group>"; };
		00DDA34F1E159E2700B8820C /* InstallRequest.swift */ = {isa = PBXFileReference; fileEncoding = 4; lastKnownFileType = sourcecode.swift; path = InstallRequest.swift; sourceTree = "<group>"; };
		00DDA3501E159E2700B8820C /* KbfsCommon.swift */ = {isa = PBXFileReference; fileEncoding = 4; lastKnownFileType = sourcecode.swift; path = KbfsCommon.swift; sourceTree = "<group>"; };
		00DDA3511E159E2700B8820C /* KbfsCommonRequest.swift */ = {isa = PBXFileReference; fileEncoding = 4; lastKnownFileType = sourcecode.swift; path = KbfsCommonRequest.swift; sourceTree = "<group>"; };
		00DDA3521E159E2700B8820C /* KbfsMountRequest.swift */ = {isa = PBXFileReference; fileEncoding = 4; lastKnownFileType = sourcecode.swift; path = KbfsMountRequest.swift; sourceTree = "<group>"; };
		00DDA3531E159E2700B8820C /* KbfsRequest.swift */ = {isa = PBXFileReference; fileEncoding = 4; lastKnownFileType = sourcecode.swift; path = KbfsRequest.swift; sourceTree = "<group>"; };
		00DDA3541E159E2700B8820C /* Kex2Provisionee.swift */ = {isa = PBXFileReference; fileEncoding = 4; lastKnownFileType = sourcecode.swift; path = Kex2Provisionee.swift; sourceTree = "<group>"; };
		00DDA3551E159E2700B8820C /* Kex2Provisionee2.swift */ = {isa = PBXFileReference; fileEncoding = 4; lastKnownFileType = sourcecode.swift; path = Kex2Provisionee2.swift; sourceTree = "<group>"; };
		00DDA3561E159E2700B8820C /* Kex2Provisionee2Request.swift */ = {isa = PBXFileReference; fileEncoding = 4; lastKnownFileType = sourcecode.swift; path = Kex2Provisionee2Request.swift; sourceTree = "<group>"; };
		00DDA3571E159E2700B8820C /* Kex2ProvisioneeRequest.swift */ = {isa = PBXFileReference; fileEncoding = 4; lastKnownFileType = sourcecode.swift; path = Kex2ProvisioneeRequest.swift; sourceTree = "<group>"; };
		00DDA3581E159E2700B8820C /* Kex2ProvisionerRequest.swift */ = {isa = PBXFileReference; fileEncoding = 4; lastKnownFileType = sourcecode.swift; path = Kex2ProvisionerRequest.swift; sourceTree = "<group>"; };
		00DDA3591E159E2700B8820C /* Login.swift */ = {isa = PBXFileReference; fileEncoding = 4; lastKnownFileType = sourcecode.swift; path = Login.swift; sourceTree = "<group>"; };
		00DDA35A1E159E2700B8820C /* LoginRequest.swift */ = {isa = PBXFileReference; fileEncoding = 4; lastKnownFileType = sourcecode.swift; path = LoginRequest.swift; sourceTree = "<group>"; };
		00DDA35B1E159E2700B8820C /* LoginUIRequest.swift */ = {isa = PBXFileReference; fileEncoding = 4; lastKnownFileType = sourcecode.swift; path = LoginUIRequest.swift; sourceTree = "<group>"; };
		00DDA35C1E159E2700B8820C /* LogRequest.swift */ = {isa = PBXFileReference; fileEncoding = 4; lastKnownFileType = sourcecode.swift; path = LogRequest.swift; sourceTree = "<group>"; };
		00DDA35D1E159E2700B8820C /* LogUIRequest.swift */ = {isa = PBXFileReference; fileEncoding = 4; lastKnownFileType = sourcecode.swift; path = LogUIRequest.swift; sourceTree = "<group>"; };
		00DDA35E1E159E2700B8820C /* Metadata.swift */ = {isa = PBXFileReference; fileEncoding = 4; lastKnownFileType = sourcecode.swift; path = Metadata.swift; sourceTree = "<group>"; };
		00DDA35F1E159E2700B8820C /* MetadataRequest.swift */ = {isa = PBXFileReference; fileEncoding = 4; lastKnownFileType = sourcecode.swift; path = MetadataRequest.swift; sourceTree = "<group>"; };
		00DDA3601E159E2700B8820C /* MetadataUpdateRequest.swift */ = {isa = PBXFileReference; fileEncoding = 4; lastKnownFileType = sourcecode.swift; path = MetadataUpdateRequest.swift; sourceTree = "<group>"; };
		00DDA3611E159E2700B8820C /* NotifyAppRequest.swift */ = {isa = PBXFileReference; fileEncoding = 4; lastKnownFileType = sourcecode.swift; path = NotifyAppRequest.swift; sourceTree = "<group>"; };
		00DDA3621E159E2700B8820C /* NotifyBadges.swift */ = {isa = PBXFileReference; fileEncoding = 4; lastKnownFileType = sourcecode.swift; path = NotifyBadges.swift; sourceTree = "<group>"; };
		00DDA3631E159E2700B8820C /* NotifyBadgesRequest.swift */ = {isa = PBXFileReference; fileEncoding = 4; lastKnownFileType = sourcecode.swift; path = NotifyBadgesRequest.swift; sourceTree = "<group>"; };
		00DDA3641E159E2700B8820C /* NotifyCtl.swift */ = {isa = PBXFileReference; fileEncoding = 4; lastKnownFileType = sourcecode.swift; path = NotifyCtl.swift; sourceTree = "<group>"; };
		00DDA3651E159E2700B8820C /* NotifyCtlRequest.swift */ = {isa = PBXFileReference; fileEncoding = 4; lastKnownFileType = sourcecode.swift; path = NotifyCtlRequest.swift; sourceTree = "<group>"; };
		00DDA3661E159E2700B8820C /* NotifyFavoritesRequest.swift */ = {isa = PBXFileReference; fileEncoding = 4; lastKnownFileType = sourcecode.swift; path = NotifyFavoritesRequest.swift; sourceTree = "<group>"; };
		00DDA3671E159E2700B8820C /* NotifyFSRequest.swift */ = {isa = PBXFileReference; fileEncoding = 4; lastKnownFileType = sourcecode.swift; path = NotifyFSRequest.swift; sourceTree = "<group>"; };
		00DDA3681E159E2700B8820C /* NotifyFSRequestRequest.swift */ = {isa = PBXFileReference; fileEncoding = 4; lastKnownFileType = sourcecode.swift; path = NotifyFSRequestRequest.swift; sourceTree = "<group>"; };
		00DDA3691E159E2700B8820C /* NotifyKeyfamilyRequest.swift */ = {isa = PBXFileReference; fileEncoding = 4; lastKnownFileType = sourcecode.swift; path = NotifyKeyfamilyRequest.swift; sourceTree = "<group>"; };
		00DDA36A1E159E2700B8820C /* NotifyPaperKeyRequest.swift */ = {isa = PBXFileReference; fileEncoding = 4; lastKnownFileType = sourcecode.swift; path = NotifyPaperKeyRequest.swift; sourceTree = "<group>"; };
		00DDA36B1E159E2700B8820C /* NotifyPGPRequest.swift */ = {isa = PBXFileReference; fileEncoding = 4; lastKnownFileType = sourcecode.swift; path = NotifyPGPRequest.swift; sourceTree = "<group>"; };
		00DDA36C1E159E2700B8820C /* NotifyServiceRequest.swift */ = {isa = PBXFileReference; fileEncoding = 4; lastKnownFileType = sourcecode.swift; path = NotifyServiceRequest.swift; sourceTree = "<group>"; };
		00DDA36D1E159E2700B8820C /* NotifySessionRequest.swift */ = {isa = PBXFileReference; fileEncoding = 4; lastKnownFileType = sourcecode.swift; path = NotifySessionRequest.swift; sourceTree = "<group>"; };
		00DDA36E1E159E2700B8820C /* NotifyTrackingRequest.swift */ = {isa = PBXFileReference; fileEncoding = 4; lastKnownFileType = sourcecode.swift; path = NotifyTrackingRequest.swift; sourceTree = "<group>"; };
		00DDA36F1E159E2700B8820C /* NotifyUsersRequest.swift */ = {isa = PBXFileReference; fileEncoding = 4; lastKnownFileType = sourcecode.swift; path = NotifyUsersRequest.swift; sourceTree = "<group>"; };
		00DDA3701E159E2700B8820C /* PaperprovisionRequest.swift */ = {isa = PBXFileReference; fileEncoding = 4; lastKnownFileType = sourcecode.swift; path = PaperprovisionRequest.swift; sourceTree = "<group>"; };
		00DDA3711E159E2700B8820C /* PassphraseCommon.swift */ = {isa = PBXFileReference; fileEncoding = 4; lastKnownFileType = sourcecode.swift; path = PassphraseCommon.swift; sourceTree = "<group>"; };
		00DDA3721E159E2700B8820C /* PassphraseCommonRequest.swift */ = {isa = PBXFileReference; fileEncoding = 4; lastKnownFileType = sourcecode.swift; path = PassphraseCommonRequest.swift; sourceTree = "<group>"; };
		00DDA3731E159E2700B8820C /* Pgp.swift */ = {isa = PBXFileReference; fileEncoding = 4; lastKnownFileType = sourcecode.swift; path = Pgp.swift; sourceTree = "<group>"; };
		00DDA3741E159E2700B8820C /* PgpRequest.swift */ = {isa = PBXFileReference; fileEncoding = 4; lastKnownFileType = sourcecode.swift; path = PgpRequest.swift; sourceTree = "<group>"; };
		00DDA3751E159E2700B8820C /* PgpUIRequest.swift */ = {isa = PBXFileReference; fileEncoding = 4; lastKnownFileType = sourcecode.swift; path = PgpUIRequest.swift; sourceTree = "<group>"; };
		00DDA3761E159E2700B8820C /* Process.swift */ = {isa = PBXFileReference; fileEncoding = 4; lastKnownFileType = sourcecode.swift; path = Process.swift; sourceTree = "<group>"; };
		00DDA3771E159E2700B8820C /* ProcessRequest.swift */ = {isa = PBXFileReference; fileEncoding = 4; lastKnownFileType = sourcecode.swift; path = ProcessRequest.swift; sourceTree = "<group>"; };
		00DDA3781E159E2700B8820C /* Prove.swift */ = {isa = PBXFileReference; fileEncoding = 4; lastKnownFileType = sourcecode.swift; path = Prove.swift; sourceTree = "<group>"; };
		00DDA3791E159E2700B8820C /* ProveCommon.swift */ = {isa = PBXFileReference; fileEncoding = 4; lastKnownFileType = sourcecode.swift; path = ProveCommon.swift; sourceTree = "<group>"; };
		00DDA37A1E159E2700B8820C /* ProveCommonRequest.swift */ = {isa = PBXFileReference; fileEncoding = 4; lastKnownFileType = sourcecode.swift; path = ProveCommonRequest.swift; sourceTree = "<group>"; };
		00DDA37B1E159E2700B8820C /* ProveRequest.swift */ = {isa = PBXFileReference; fileEncoding = 4; lastKnownFileType = sourcecode.swift; path = ProveRequest.swift; sourceTree = "<group>"; };
		00DDA37C1E159E2700B8820C /* ProveUI.swift */ = {isa = PBXFileReference; fileEncoding = 4; lastKnownFileType = sourcecode.swift; path = ProveUI.swift; sourceTree = "<group>"; };
		00DDA37D1E159E2700B8820C /* ProveUIRequest.swift */ = {isa = PBXFileReference; fileEncoding = 4; lastKnownFileType = sourcecode.swift; path = ProveUIRequest.swift; sourceTree = "<group>"; };
		00DDA37E1E159E2700B8820C /* ProvisionUI.swift */ = {isa = PBXFileReference; fileEncoding = 4; lastKnownFileType = sourcecode.swift; path = ProvisionUI.swift; sourceTree = "<group>"; };
		00DDA37F1E159E2700B8820C /* ProvisionUIRequest.swift */ = {isa = PBXFileReference; fileEncoding = 4; lastKnownFileType = sourcecode.swift; path = ProvisionUIRequest.swift; sourceTree = "<group>"; };
		00DDA3801E159E2700B8820C /* Quota.swift */ = {isa = PBXFileReference; fileEncoding = 4; lastKnownFileType = sourcecode.swift; path = Quota.swift; sourceTree = "<group>"; };
		00DDA3811E159E2700B8820C /* QuotaRequest.swift */ = {isa = PBXFileReference; fileEncoding = 4; lastKnownFileType = sourcecode.swift; path = QuotaRequest.swift; sourceTree = "<group>"; };
		00DDA3821E159E2700B8820C /* Reachability.swift */ = {isa = PBXFileReference; fileEncoding = 4; lastKnownFileType = sourcecode.swift; path = Reachability.swift; sourceTree = "<group>"; };
		00DDA3831E159E2700B8820C /* ReachabilityRequest.swift */ = {isa = PBXFileReference; fileEncoding = 4; lastKnownFileType = sourcecode.swift; path = ReachabilityRequest.swift; sourceTree = "<group>"; };
		00DDA3841E159E2700B8820C /* Rekey.swift */ = {isa = PBXFileReference; fileEncoding = 4; lastKnownFileType = sourcecode.swift; path = Rekey.swift; sourceTree = "<group>"; };
		00DDA3851E159E2700B8820C /* RekeyRequest.swift */ = {isa = PBXFileReference; fileEncoding = 4; lastKnownFileType = sourcecode.swift; path = RekeyRequest.swift; sourceTree = "<group>"; };
		00DDA3861E159E2700B8820C /* RekeyUI.swift */ = {isa = PBXFileReference; fileEncoding = 4; lastKnownFileType = sourcecode.swift; path = RekeyUI.swift; sourceTree = "<group>"; };
		00DDA3871E159E2700B8820C /* RekeyUIRequest.swift */ = {isa = PBXFileReference; fileEncoding = 4; lastKnownFileType = sourcecode.swift; path = RekeyUIRequest.swift; sourceTree = "<group>"; };
		00DDA3881E159E2700B8820C /* RevokeRequest.swift */ = {isa = PBXFileReference; fileEncoding = 4; lastKnownFileType = sourcecode.swift; path = RevokeRequest.swift; sourceTree = "<group>"; };
		00DDA3891E159E2700B8820C /* Saltpack.swift */ = {isa = PBXFileReference; fileEncoding = 4; lastKnownFileType = sourcecode.swift; path = Saltpack.swift; sourceTree = "<group>"; };
		00DDA38A1E159E2700B8820C /* SaltpackRequest.swift */ = {isa = PBXFileReference; fileEncoding = 4; lastKnownFileType = sourcecode.swift; path = SaltpackRequest.swift; sourceTree = "<group>"; };
		00DDA38B1E159E2700B8820C /* SaltpackUI.swift */ = {isa = PBXFileReference; fileEncoding = 4; lastKnownFileType = sourcecode.swift; path = SaltpackUI.swift; sourceTree = "<group>"; };
		00DDA38C1E159E2700B8820C /* SaltpackUIRequest.swift */ = {isa = PBXFileReference; fileEncoding = 4; lastKnownFileType = sourcecode.swift; path = SaltpackUIRequest.swift; sourceTree = "<group>"; };
		00DDA38D1E159E2700B8820C /* ScanProofsRequest.swift */ = {isa = PBXFileReference; fileEncoding = 4; lastKnownFileType = sourcecode.swift; path = ScanProofsRequest.swift; sourceTree = "<group>"; };
		00DDA38E1E159E2700B8820C /* SecretKeys.swift */ = {isa = PBXFileReference; fileEncoding = 4; lastKnownFileType = sourcecode.swift; path = SecretKeys.swift; sourceTree = "<group>"; };
		00DDA38F1E159E2700B8820C /* SecretKeysRequest.swift */ = {isa = PBXFileReference; fileEncoding = 4; lastKnownFileType = sourcecode.swift; path = SecretKeysRequest.swift; sourceTree = "<group>"; };
		00DDA3901E159E2700B8820C /* SecretUI.swift */ = {isa = PBXFileReference; fileEncoding = 4; lastKnownFileType = sourcecode.swift; path = SecretUI.swift; sourceTree = "<group>"; };
		00DDA3911E159E2700B8820C /* SecretUIRequest.swift */ = {isa = PBXFileReference; fileEncoding = 4; lastKnownFileType = sourcecode.swift; path = SecretUIRequest.swift; sourceTree = "<group>"; };
		00DDA3921E159E2700B8820C /* Session.swift */ = {isa = PBXFileReference; fileEncoding = 4; lastKnownFileType = sourcecode.swift; path = Session.swift; sourceTree = "<group>"; };
		00DDA3931E159E2700B8820C /* SessionRequest.swift */ = {isa = PBXFileReference; fileEncoding = 4; lastKnownFileType = sourcecode.swift; path = SessionRequest.swift; sourceTree = "<group>"; };
		00DDA3941E159E2700B8820C /* Signup.swift */ = {isa = PBXFileReference; fileEncoding = 4; lastKnownFileType = sourcecode.swift; path = Signup.swift; sourceTree = "<group>"; };
		00DDA3951E159E2700B8820C /* SignupRequest.swift */ = {isa = PBXFileReference; fileEncoding = 4; lastKnownFileType = sourcecode.swift; path = SignupRequest.swift; sourceTree = "<group>"; };
		00DDA3961E159E2700B8820C /* Sigs.swift */ = {isa = PBXFileReference; fileEncoding = 4; lastKnownFileType = sourcecode.swift; path = Sigs.swift; sourceTree = "<group>"; };
		00DDA3971E159E2700B8820C /* SigsRequest.swift */ = {isa = PBXFileReference; fileEncoding = 4; lastKnownFileType = sourcecode.swift; path = SigsRequest.swift; sourceTree = "<group>"; };
		00DDA3981E159E2700B8820C /* StreamUIRequest.swift */ = {isa = PBXFileReference; fileEncoding = 4; lastKnownFileType = sourcecode.swift; path = StreamUIRequest.swift; sourceTree = "<group>"; };
		00DDA3991E159E2700B8820C /* Test.swift */ = {isa = PBXFileReference; fileEncoding = 4; lastKnownFileType = sourcecode.swift; path = Test.swift; sourceTree = "<group>"; };
		00DDA39A1E159E2700B8820C /* TestRequest.swift */ = {isa = PBXFileReference; fileEncoding = 4; lastKnownFileType = sourcecode.swift; path = TestRequest.swift; sourceTree = "<group>"; };
		00DDA39B1E159E2700B8820C /* TlfKeys.swift */ = {isa = PBXFileReference; fileEncoding = 4; lastKnownFileType = sourcecode.swift; path = TlfKeys.swift; sourceTree = "<group>"; };
		00DDA39C1E159E2700B8820C /* TlfKeysRequest.swift */ = {isa = PBXFileReference; fileEncoding = 4; lastKnownFileType = sourcecode.swift; path = TlfKeysRequest.swift; sourceTree = "<group>"; };
		00DDA39D1E159E2700B8820C /* TlfRequest.swift */ = {isa = PBXFileReference; fileEncoding = 4; lastKnownFileType = sourcecode.swift; path = TlfRequest.swift; sourceTree = "<group>"; };
		00DDA39E1E159E2700B8820C /* TrackRequest.swift */ = {isa = PBXFileReference; fileEncoding = 4; lastKnownFileType = sourcecode.swift; path = TrackRequest.swift; sourceTree = "<group>"; };
		00DDA39F1E159E2700B8820C /* UI.swift */ = {isa = PBXFileReference; fileEncoding = 4; lastKnownFileType = sourcecode.swift; path = UI.swift; sourceTree = "<group>"; };
		00DDA3A01E159E2700B8820C /* UIRequest.swift */ = {isa = PBXFileReference; fileEncoding = 4; lastKnownFileType = sourcecode.swift; path = UIRequest.swift; sourceTree = "<group>"; };
		00DDA3A11E159E2700B8820C /* User.swift */ = {isa = PBXFileReference; fileEncoding = 4; lastKnownFileType = sourcecode.swift; path = User.swift; sourceTree = "<group>"; };
		00DDA3A21E159E2700B8820C /* UserRequest.swift */ = {isa = PBXFileReference; fileEncoding = 4; lastKnownFileType = sourcecode.swift; path = UserRequest.swift; sourceTree = "<group>"; };
/* End PBXFileReference section */

/* Begin PBXFrameworksBuildPhase section */
		002AA10F1CC41B71004885A5 /* Frameworks */ = {
			isa = PBXFrameworksBuildPhase;
			buildActionMask = 2147483647;
			files = (
				002AA2081CC42C51004885A5 /* MPMessagePack.framework in Frameworks */,
				002AA2091CC42C51004885A5 /* GHODictionary.framework in Frameworks */,
				002AA1F71CC41CC0004885A5 /* SwiftyJSON.framework in Frameworks */,
			);
			runOnlyForDeploymentPostprocessing = 0;
		};
/* End PBXFrameworksBuildPhase section */

/* Begin PBXGroup section */
		002AA1091CC41B71004885A5 = {
			isa = PBXGroup;
			children = (
				002AA2021CC429A3004885A5 /* Cartfile */,
				002AA1151CC41B71004885A5 /* KeybaseSwift */,
				00DDA3251E159E2700B8820C /* Protocol */,
				002AA1211CC41B72004885A5 /* KeybaseSwiftTests */,
				002AA20A1CC42C59004885A5 /* Frameworks */,
				002AA1141CC41B71004885A5 /* Products */,
			);
			sourceTree = "<group>";
		};
		002AA1141CC41B71004885A5 /* Products */ = {
			isa = PBXGroup;
			children = (
				002AA1131CC41B71004885A5 /* KeybaseSwift.framework */,
			);
			name = Products;
			sourceTree = "<group>";
		};
		002AA1151CC41B71004885A5 /* KeybaseSwift */ = {
			isa = PBXGroup;
			children = (
				002AA1161CC41B71004885A5 /* KeybaseSwift.h */,
				002AA1181CC41B71004885A5 /* Info.plist */,
				002AA1F81CC41D52004885A5 /* Request.swift */,
				002AA1FA1CC41F9B004885A5 /* Extensions.swift */,
			);
			path = KeybaseSwift;
			sourceTree = "<group>";
		};
		002AA1211CC41B72004885A5 /* KeybaseSwiftTests */ = {
			isa = PBXGroup;
			children = (
				002AA1FC1CC4294C004885A5 /* JSONTests.swift */,
				002AA1FD1CC4294C004885A5 /* MessagePackTests.swift */,
				002AA1FE1CC4294C004885A5 /* RequestTests.swift */,
				002AA2141CC471FA004885A5 /* KeybaseSwiftTests.swift */,
				002AA1241CC41B72004885A5 /* Info.plist */,
			);
			path = KeybaseSwiftTests;
			sourceTree = "<group>";
		};
		002AA20A1CC42C59004885A5 /* Frameworks */ = {
			isa = PBXGroup;
			children = (
				002AA2061CC42C51004885A5 /* MPMessagePack.framework */,
				002AA2071CC42C51004885A5 /* GHODictionary.framework */,
				002AA1F61CC41CC0004885A5 /* SwiftyJSON.framework */,
			);
			name = Frameworks;
			sourceTree = "<group>";
		};
		00DDA3251E159E2700B8820C /* Protocol */ = {
			isa = PBXGroup;
			children = (
				00DDA3261E159E2700B8820C /* Account.swift */,
				00DDA3271E159E2700B8820C /* AccountRequest.swift */,
				00DDA3281E159E2700B8820C /* Apiserver.swift */,
				00DDA3291E159E2700B8820C /* ApiserverRequest.swift */,
				00DDA32A1E159E2700B8820C /* BackendCommon.swift */,
				00DDA32B1E159E2700B8820C /* BackendCommonRequest.swift */,
				00DDA32C1E159E2700B8820C /* Block.swift */,
				00DDA32D1E159E2700B8820C /* BlockRequest.swift */,
				00DDA32E1E159E2700B8820C /* BTCRequest.swift */,
				00DDA32F1E159E2700B8820C /* Common.swift */,
				00DDA3301E159E2700B8820C /* CommonRequest.swift */,
				00DDA3311E159E2700B8820C /* Config.swift */,
				00DDA3321E159E2700B8820C /* ConfigRequest.swift */,
				00DDA3331E159E2700B8820C /* Constants.swift */,
				00DDA3341E159E2700B8820C /* ConstantsRequest.swift */,
				00DDA3351E159E2700B8820C /* Crypto.swift */,
				00DDA3361E159E2700B8820C /* Cryptocurrency.swift */,
				00DDA3371E159E2700B8820C /* CryptocurrencyRequest.swift */,
				00DDA3381E159E2700B8820C /* CryptoRequest.swift */,
				00DDA3391E159E2700B8820C /* Ctl.swift */,
				00DDA33A1E159E2700B8820C /* CtlRequest.swift */,
				00DDA33B1E159E2700B8820C /* Debugging.swift */,
				00DDA33C1E159E2700B8820C /* DebuggingRequest.swift */,
				00DDA33D1E159E2700B8820C /* DelegateUICtlRequest.swift */,
				00DDA33E1E159E2700B8820C /* Device.swift */,
				00DDA33F1E159E2700B8820C /* DeviceRequest.swift */,
				00DDA3401E159E2700B8820C /* Favorite.swift */,
				00DDA3411E159E2700B8820C /* FavoriteRequest.swift */,
				00DDA3421E159E2700B8820C /* Fs.swift */,
				00DDA3431E159E2700B8820C /* FsRequest.swift */,
				00DDA3441E159E2700B8820C /* GpgCommon.swift */,
				00DDA3451E159E2700B8820C /* GpgCommonRequest.swift */,
				00DDA3461E159E2700B8820C /* GpgUI.swift */,
				00DDA3471E159E2700B8820C /* GpgUIRequest.swift */,
				00DDA3481E159E2700B8820C /* Identify.swift */,
				00DDA3491E159E2700B8820C /* IdentifyCommon.swift */,
				00DDA34A1E159E2700B8820C /* IdentifyCommonRequest.swift */,
				00DDA34B1E159E2700B8820C /* IdentifyRequest.swift */,
				00DDA34C1E159E2700B8820C /* IdentifyUI.swift */,
				00DDA34D1E159E2700B8820C /* IdentifyUIRequest.swift */,
				00DDA34E1E159E2700B8820C /* Install.swift */,
				00DDA34F1E159E2700B8820C /* InstallRequest.swift */,
				00DDA3501E159E2700B8820C /* KbfsCommon.swift */,
				00DDA3511E159E2700B8820C /* KbfsCommonRequest.swift */,
				00DDA3521E159E2700B8820C /* KbfsMountRequest.swift */,
				00DDA3531E159E2700B8820C /* KbfsRequest.swift */,
				00DDA3541E159E2700B8820C /* Kex2Provisionee.swift */,
				00DDA3551E159E2700B8820C /* Kex2Provisionee2.swift */,
				00DDA3561E159E2700B8820C /* Kex2Provisionee2Request.swift */,
				00DDA3571E159E2700B8820C /* Kex2ProvisioneeRequest.swift */,
				00DDA3581E159E2700B8820C /* Kex2ProvisionerRequest.swift */,
				00DDA3591E159E2700B8820C /* Login.swift */,
				00DDA35A1E159E2700B8820C /* LoginRequest.swift */,
				00DDA35B1E159E2700B8820C /* LoginUIRequest.swift */,
				00DDA35C1E159E2700B8820C /* LogRequest.swift */,
				00DDA35D1E159E2700B8820C /* LogUIRequest.swift */,
				00DDA35E1E159E2700B8820C /* Metadata.swift */,
				00DDA35F1E159E2700B8820C /* MetadataRequest.swift */,
				00DDA3601E159E2700B8820C /* MetadataUpdateRequest.swift */,
				00DDA3611E159E2700B8820C /* NotifyAppRequest.swift */,
				00DDA3621E159E2700B8820C /* NotifyBadges.swift */,
				00DDA3631E159E2700B8820C /* NotifyBadgesRequest.swift */,
				00DDA3641E159E2700B8820C /* NotifyCtl.swift */,
				00DDA3651E159E2700B8820C /* NotifyCtlRequest.swift */,
				00DDA3661E159E2700B8820C /* NotifyFavoritesRequest.swift */,
				00DDA3671E159E2700B8820C /* NotifyFSRequest.swift */,
				00DDA3681E159E2700B8820C /* NotifyFSRequestRequest.swift */,
				00DDA3691E159E2700B8820C /* NotifyKeyfamilyRequest.swift */,
				00DDA36A1E159E2700B8820C /* NotifyPaperKeyRequest.swift */,
				00DDA36B1E159E2700B8820C /* NotifyPGPRequest.swift */,
				00DDA36C1E159E2700B8820C /* NotifyServiceRequest.swift */,
				00DDA36D1E159E2700B8820C /* NotifySessionRequest.swift */,
				00DDA36E1E159E2700B8820C /* NotifyTrackingRequest.swift */,
				00DDA36F1E159E2700B8820C /* NotifyUsersRequest.swift */,
				00DDA3701E159E2700B8820C /* PaperprovisionRequest.swift */,
				00DDA3711E159E2700B8820C /* PassphraseCommon.swift */,
				00DDA3721E159E2700B8820C /* PassphraseCommonRequest.swift */,
				00DDA3731E159E2700B8820C /* Pgp.swift */,
				00DDA3741E159E2700B8820C /* PgpRequest.swift */,
				00DDA3751E159E2700B8820C /* PgpUIRequest.swift */,
				00DDA3761E159E2700B8820C /* Process.swift */,
				00DDA3771E159E2700B8820C /* ProcessRequest.swift */,
				00DDA3781E159E2700B8820C /* Prove.swift */,
				00DDA3791E159E2700B8820C /* ProveCommon.swift */,
				00DDA37A1E159E2700B8820C /* ProveCommonRequest.swift */,
				00DDA37B1E159E2700B8820C /* ProveRequest.swift */,
				00DDA37C1E159E2700B8820C /* ProveUI.swift */,
				00DDA37D1E159E2700B8820C /* ProveUIRequest.swift */,
				00DDA37E1E159E2700B8820C /* ProvisionUI.swift */,
				00DDA37F1E159E2700B8820C /* ProvisionUIRequest.swift */,
				00DDA3801E159E2700B8820C /* Quota.swift */,
				00DDA3811E159E2700B8820C /* QuotaRequest.swift */,
				00DDA3821E159E2700B8820C /* Reachability.swift */,
				00DDA3831E159E2700B8820C /* ReachabilityRequest.swift */,
				00DDA3841E159E2700B8820C /* Rekey.swift */,
				00DDA3851E159E2700B8820C /* RekeyRequest.swift */,
				00DDA3861E159E2700B8820C /* RekeyUI.swift */,
				00DDA3871E159E2700B8820C /* RekeyUIRequest.swift */,
				00DDA3881E159E2700B8820C /* RevokeRequest.swift */,
				00DDA3891E159E2700B8820C /* Saltpack.swift */,
				00DDA38A1E159E2700B8820C /* SaltpackRequest.swift */,
				00DDA38B1E159E2700B8820C /* SaltpackUI.swift */,
				00DDA38C1E159E2700B8820C /* SaltpackUIRequest.swift */,
				00DDA38D1E159E2700B8820C /* ScanProofsRequest.swift */,
				00DDA38E1E159E2700B8820C /* SecretKeys.swift */,
				00DDA38F1E159E2700B8820C /* SecretKeysRequest.swift */,
				00DDA3901E159E2700B8820C /* SecretUI.swift */,
				00DDA3911E159E2700B8820C /* SecretUIRequest.swift */,
				00DDA3921E159E2700B8820C /* Session.swift */,
				00DDA3931E159E2700B8820C /* SessionRequest.swift */,
				00DDA3941E159E2700B8820C /* Signup.swift */,
				00DDA3951E159E2700B8820C /* SignupRequest.swift */,
				00DDA3961E159E2700B8820C /* Sigs.swift */,
				00DDA3971E159E2700B8820C /* SigsRequest.swift */,
				00DDA3981E159E2700B8820C /* StreamUIRequest.swift */,
				00DDA3991E159E2700B8820C /* Test.swift */,
				00DDA39A1E159E2700B8820C /* TestRequest.swift */,
				00DDA39B1E159E2700B8820C /* TlfKeys.swift */,
				00DDA39C1E159E2700B8820C /* TlfKeysRequest.swift */,
				00DDA39D1E159E2700B8820C /* TlfRequest.swift */,
				00DDA39E1E159E2700B8820C /* TrackRequest.swift */,
				00DDA39F1E159E2700B8820C /* UI.swift */,
				00DDA3A01E159E2700B8820C /* UIRequest.swift */,
				00DDA3A11E159E2700B8820C /* User.swift */,
				00DDA3A21E159E2700B8820C /* UserRequest.swift */,
			);
			path = Protocol;
			sourceTree = "<group>";
		};
/* End PBXGroup section */

/* Begin PBXHeadersBuildPhase section */
		002AA1101CC41B71004885A5 /* Headers */ = {
			isa = PBXHeadersBuildPhase;
			buildActionMask = 2147483647;
			files = (
				002AA1171CC41B71004885A5 /* KeybaseSwift.h in Headers */,
			);
			runOnlyForDeploymentPostprocessing = 0;
		};
/* End PBXHeadersBuildPhase section */

/* Begin PBXNativeTarget section */
		002AA1121CC41B71004885A5 /* KeybaseSwift */ = {
			isa = PBXNativeTarget;
			buildConfigurationList = 002AA1271CC41B72004885A5 /* Build configuration list for PBXNativeTarget "KeybaseSwift" */;
			buildPhases = (
				002AA10E1CC41B71004885A5 /* Sources */,
				002AA10F1CC41B71004885A5 /* Frameworks */,
				002AA1101CC41B71004885A5 /* Headers */,
				002AA1111CC41B71004885A5 /* Resources */,
			);
			buildRules = (
			);
			dependencies = (
			);
			name = KeybaseSwift;
			productName = KeybaseSwift;
			productReference = 002AA1131CC41B71004885A5 /* KeybaseSwift.framework */;
			productType = "com.apple.product-type.framework";
		};
/* End PBXNativeTarget section */

/* Begin PBXProject section */
		002AA10A1CC41B71004885A5 /* Project object */ = {
			isa = PBXProject;
			attributes = {
				LastSwiftUpdateCheck = 0730;
				LastUpgradeCheck = 0820;
				ORGANIZATIONNAME = "Gabriel Handford";
				TargetAttributes = {
					002AA1121CC41B71004885A5 = {
						CreatedOnToolsVersion = 7.3;
					};
				};
			};
			buildConfigurationList = 002AA10D1CC41B71004885A5 /* Build configuration list for PBXProject "KeybaseSwift" */;
			compatibilityVersion = "Xcode 3.2";
			developmentRegion = English;
			hasScannedForEncodings = 0;
			knownRegions = (
				en,
			);
			mainGroup = 002AA1091CC41B71004885A5;
			productRefGroup = 002AA1141CC41B71004885A5 /* Products */;
			projectDirPath = "";
			projectRoot = "";
			targets = (
				002AA1121CC41B71004885A5 /* KeybaseSwift */,
			);
		};
/* End PBXProject section */

/* Begin PBXResourcesBuildPhase section */
		002AA1111CC41B71004885A5 /* Resources */ = {
			isa = PBXResourcesBuildPhase;
			buildActionMask = 2147483647;
			files = (
			);
			runOnlyForDeploymentPostprocessing = 0;
		};
/* End PBXResourcesBuildPhase section */

/* Begin PBXSourcesBuildPhase section */
		002AA10E1CC41B71004885A5 /* Sources */ = {
			isa = PBXSourcesBuildPhase;
			buildActionMask = 2147483647;
			files = (
				00DDA3D21E159E2700B8820C /* Kex2Provisionee2.swift in Sources */,
				002AA1FB1CC41F9B004885A5 /* Extensions.swift in Sources */,
				00DDA3A61E159E2700B8820C /* ApiserverRequest.swift in Sources */,
				00DDA3BA1E159E2700B8820C /* DelegateUICtlRequest.swift in Sources */,
				00DDA3BD1E159E2700B8820C /* Favorite.swift in Sources */,
				00DDA3CE1E159E2700B8820C /* KbfsCommonRequest.swift in Sources */,
				00DDA41A1E159E2700B8820C /* TlfRequest.swift in Sources */,
				00DDA3BB1E159E2700B8820C /* Device.swift in Sources */,
				00DDA3F41E159E2700B8820C /* ProcessRequest.swift in Sources */,
				00DDA4071E159E2700B8820C /* SaltpackRequest.swift in Sources */,
				00DDA3A71E159E2700B8820C /* BackendCommon.swift in Sources */,
				00DDA3AE1E159E2700B8820C /* Config.swift in Sources */,
				00DDA40A1E159E2700B8820C /* ScanProofsRequest.swift in Sources */,
				00DDA3B51E159E2700B8820C /* CryptoRequest.swift in Sources */,
				00DDA3B61E159E2700B8820C /* Ctl.swift in Sources */,
				00DDA3A41E159E2700B8820C /* AccountRequest.swift in Sources */,
				00DDA4141E159E2700B8820C /* SigsRequest.swift in Sources */,
				00DDA3AC1E159E2700B8820C /* Common.swift in Sources */,
				00DDA3ED1E159E2700B8820C /* PaperprovisionRequest.swift in Sources */,
				00DDA3EB1E159E2700B8820C /* NotifyTrackingRequest.swift in Sources */,
				00DDA3F11E159E2700B8820C /* PgpRequest.swift in Sources */,
				00DDA3F61E159E2700B8820C /* ProveCommon.swift in Sources */,
				00DDA3DB1E159E2700B8820C /* Metadata.swift in Sources */,
				00DDA3CB1E159E2700B8820C /* Install.swift in Sources */,
				00DDA3A51E159E2700B8820C /* Apiserver.swift in Sources */,
				00DDA3D61E159E2700B8820C /* Login.swift in Sources */,
				00DDA3DA1E159E2700B8820C /* LogUIRequest.swift in Sources */,
				00DDA3C01E159E2700B8820C /* FsRequest.swift in Sources */,
				00DDA3C81E159E2700B8820C /* IdentifyRequest.swift in Sources */,
				00DDA3F31E159E2700B8820C /* Process.swift in Sources */,
				00DDA3B01E159E2700B8820C /* Constants.swift in Sources */,
				00DDA3FC1E159E2700B8820C /* ProvisionUIRequest.swift in Sources */,
				00DDA3FE1E159E2700B8820C /* QuotaRequest.swift in Sources */,
				00DDA3DD1E159E2700B8820C /* MetadataUpdateRequest.swift in Sources */,
				00DDA3CA1E159E2700B8820C /* IdentifyUIRequest.swift in Sources */,
				00DDA3DC1E159E2700B8820C /* MetadataRequest.swift in Sources */,
				00DDA4161E159E2700B8820C /* Test.swift in Sources */,
				00DDA3B71E159E2700B8820C /* CtlRequest.swift in Sources */,
				00DDA3B31E159E2700B8820C /* Cryptocurrency.swift in Sources */,
				00DDA3B91E159E2700B8820C /* DebuggingRequest.swift in Sources */,
				00DDA40E1E159E2700B8820C /* SecretUIRequest.swift in Sources */,
				00DDA40C1E159E2700B8820C /* SecretKeysRequest.swift in Sources */,
				00DDA3EA1E159E2700B8820C /* NotifySessionRequest.swift in Sources */,
				00DDA3AA1E159E2700B8820C /* BlockRequest.swift in Sources */,
				00DDA3E01E159E2700B8820C /* NotifyBadgesRequest.swift in Sources */,
				00DDA4131E159E2700B8820C /* Sigs.swift in Sources */,
				00DDA4111E159E2700B8820C /* Signup.swift in Sources */,
				00DDA3F51E159E2700B8820C /* Prove.swift in Sources */,
				00DDA3AD1E159E2700B8820C /* CommonRequest.swift in Sources */,
				00DDA4091E159E2700B8820C /* SaltpackUIRequest.swift in Sources */,
				00DDA4021E159E2700B8820C /* RekeyRequest.swift in Sources */,
				00DDA3B41E159E2700B8820C /* CryptocurrencyRequest.swift in Sources */,
				00DDA3EE1E159E2700B8820C /* PassphraseCommon.swift in Sources */,
				00DDA4051E159E2700B8820C /* RevokeRequest.swift in Sources */,
				00DDA3E51E159E2700B8820C /* NotifyFSRequestRequest.swift in Sources */,
				00DDA3C61E159E2700B8820C /* IdentifyCommon.swift in Sources */,
				00DDA3AF1E159E2700B8820C /* ConfigRequest.swift in Sources */,
				00DDA4041E159E2700B8820C /* RekeyUIRequest.swift in Sources */,
				00DDA3F21E159E2700B8820C /* PgpUIRequest.swift in Sources */,
				00DDA4001E159E2700B8820C /* ReachabilityRequest.swift in Sources */,
				00DDA3FB1E159E2700B8820C /* ProvisionUI.swift in Sources */,
				00DDA3BC1E159E2700B8820C /* DeviceRequest.swift in Sources */,
				00DDA3AB1E159E2700B8820C /* BTCRequest.swift in Sources */,
				00DDA3DE1E159E2700B8820C /* NotifyAppRequest.swift in Sources */,
				00DDA41D1E159E2700B8820C /* UIRequest.swift in Sources */,
				00DDA3C71E159E2700B8820C /* IdentifyCommonRequest.swift in Sources */,
				00DDA3E61E159E2700B8820C /* NotifyKeyfamilyRequest.swift in Sources */,
				00DDA3D91E159E2700B8820C /* LogRequest.swift in Sources */,
				00DDA3FD1E159E2700B8820C /* Quota.swift in Sources */,
				00DDA3EF1E159E2700B8820C /* PassphraseCommonRequest.swift in Sources */,
				00DDA3D81E159E2700B8820C /* LoginUIRequest.swift in Sources */,
				00DDA40F1E159E2700B8820C /* Session.swift in Sources */,
				00DDA3C51E159E2700B8820C /* Identify.swift in Sources */,
				00DDA3E31E159E2700B8820C /* NotifyFavoritesRequest.swift in Sources */,
				00DDA4011E159E2700B8820C /* Rekey.swift in Sources */,
				00DDA3FA1E159E2700B8820C /* ProveUIRequest.swift in Sources */,
				00DDA3B21E159E2700B8820C /* Crypto.swift in Sources */,
				00DDA3CD1E159E2700B8820C /* KbfsCommon.swift in Sources */,
				00DDA3D41E159E2700B8820C /* Kex2ProvisioneeRequest.swift in Sources */,
				00DDA4081E159E2700B8820C /* SaltpackUI.swift in Sources */,
				00DDA3CF1E159E2700B8820C /* KbfsMountRequest.swift in Sources */,
				002AA1F91CC41D52004885A5 /* Request.swift in Sources */,
				00DDA4151E159E2700B8820C /* StreamUIRequest.swift in Sources */,
				00DDA3F91E159E2700B8820C /* ProveUI.swift in Sources */,
				00DDA3BF1E159E2700B8820C /* Fs.swift in Sources */,
				00DDA3C11E159E2700B8820C /* GpgCommon.swift in Sources */,
				00DDA3D51E159E2700B8820C /* Kex2ProvisionerRequest.swift in Sources */,
				00DDA3D31E159E2700B8820C /* Kex2Provisionee2Request.swift in Sources */,
				00DDA3B11E159E2700B8820C /* ConstantsRequest.swift in Sources */,
				00DDA3E41E159E2700B8820C /* NotifyFSRequest.swift in Sources */,
				00DDA3C91E159E2700B8820C /* IdentifyUI.swift in Sources */,
				00DDA3D71E159E2700B8820C /* LoginRequest.swift in Sources */,
				00DDA4031E159E2700B8820C /* RekeyUI.swift in Sources */,
				00DDA3CC1E159E2700B8820C /* InstallRequest.swift in Sources */,
				00DDA4061E159E2700B8820C /* Saltpack.swift in Sources */,
				00DDA3EC1E159E2700B8820C /* NotifyUsersRequest.swift in Sources */,
				00DDA4171E159E2700B8820C /* TestRequest.swift in Sources */,
				00DDA4191E159E2700B8820C /* TlfKeysRequest.swift in Sources */,
				00DDA3A91E159E2700B8820C /* Block.swift in Sources */,
				00DDA3E81E159E2700B8820C /* NotifyPGPRequest.swift in Sources */,
				00DDA3A31E159E2700B8820C /* Account.swift in Sources */,
				00DDA4101E159E2700B8820C /* SessionRequest.swift in Sources */,
				00DDA40B1E159E2700B8820C /* SecretKeys.swift in Sources */,
				00DDA3FF1E159E2700B8820C /* Reachability.swift in Sources */,
				00DDA41E1E159E2700B8820C /* User.swift in Sources */,
				00DDA3D11E159E2700B8820C /* Kex2Provisionee.swift in Sources */,
				00DDA3C41E159E2700B8820C /* GpgUIRequest.swift in Sources */,
				00DDA3F81E159E2700B8820C /* ProveRequest.swift in Sources */,
				00DDA4121E159E2700B8820C /* SignupRequest.swift in Sources */,
				00DDA3F71E159E2700B8820C /* ProveCommonRequest.swift in Sources */,
				00DDA3BE1E159E2700B8820C /* FavoriteRequest.swift in Sources */,
				00DDA3D01E159E2700B8820C /* KbfsRequest.swift in Sources */,
				00DDA3DF1E159E2700B8820C /* NotifyBadges.swift in Sources */,
				00DDA3E21E159E2700B8820C /* NotifyCtlRequest.swift in Sources */,
				00DDA3E11E159E2700B8820C /* NotifyCtl.swift in Sources */,
				00DDA3E71E159E2700B8820C /* NotifyPaperKeyRequest.swift in Sources */,
				00DDA40D1E159E2700B8820C /* SecretUI.swift in Sources */,
				00DDA3E91E159E2700B8820C /* NotifyServiceRequest.swift in Sources */,
				00DDA4181E159E2700B8820C /* TlfKeys.swift in Sources */,
				00DDA41C1E159E2700B8820C /* UI.swift in Sources */,
				00DDA3F01E159E2700B8820C /* Pgp.swift in Sources */,
				00DDA41F1E159E2700B8820C /* UserRequest.swift in Sources */,
				00DDA3B81E159E2700B8820C /* Debugging.swift in Sources */,
				00DDA3A81E159E2700B8820C /* BackendCommonRequest.swift in Sources */,
				00DDA3C21E159E2700B8820C /* GpgCommonRequest.swift in Sources */,
				00DDA3C31E159E2700B8820C /* GpgUI.swift in Sources */,
				00DDA41B1E159E2700B8820C /* TrackRequest.swift in Sources */,
			);
			runOnlyForDeploymentPostprocessing = 0;
		};
/* End PBXSourcesBuildPhase section */

/* Begin XCBuildConfiguration section */
		002AA1251CC41B72004885A5 /* Debug */ = {
			isa = XCBuildConfiguration;
			buildSettings = {
				ALWAYS_SEARCH_USER_PATHS = NO;
				CLANG_ANALYZER_NONNULL = YES;
				CLANG_CXX_LANGUAGE_STANDARD = "gnu++0x";
				CLANG_CXX_LIBRARY = "libc++";
				CLANG_ENABLE_MODULES = YES;
				CLANG_ENABLE_OBJC_ARC = YES;
				CLANG_WARN_BOOL_CONVERSION = YES;
				CLANG_WARN_CONSTANT_CONVERSION = YES;
				CLANG_WARN_DIRECT_OBJC_ISA_USAGE = YES_ERROR;
				CLANG_WARN_EMPTY_BODY = YES;
				CLANG_WARN_ENUM_CONVERSION = YES;
				CLANG_WARN_INFINITE_RECURSION = YES;
				CLANG_WARN_INT_CONVERSION = YES;
				CLANG_WARN_OBJC_ROOT_CLASS = YES_ERROR;
				CLANG_WARN_SUSPICIOUS_MOVE = YES;
				CLANG_WARN_UNREACHABLE_CODE = YES;
				CLANG_WARN__DUPLICATE_METHOD_MATCH = YES;
				CODE_SIGN_IDENTITY = "-";
				COPY_PHASE_STRIP = NO;
				CURRENT_PROJECT_VERSION = 1;
				DEBUG_INFORMATION_FORMAT = dwarf;
				ENABLE_STRICT_OBJC_MSGSEND = YES;
				ENABLE_TESTABILITY = YES;
				GCC_C_LANGUAGE_STANDARD = gnu99;
				GCC_DYNAMIC_NO_PIC = NO;
				GCC_NO_COMMON_BLOCKS = YES;
				GCC_OPTIMIZATION_LEVEL = 0;
				GCC_PREPROCESSOR_DEFINITIONS = (
					"DEBUG=1",
					"$(inherited)",
				);
				GCC_WARN_64_TO_32_BIT_CONVERSION = YES;
				GCC_WARN_ABOUT_RETURN_TYPE = YES_ERROR;
				GCC_WARN_UNDECLARED_SELECTOR = YES;
				GCC_WARN_UNINITIALIZED_AUTOS = YES_AGGRESSIVE;
				GCC_WARN_UNUSED_FUNCTION = YES;
				GCC_WARN_UNUSED_VARIABLE = YES;
				MACOSX_DEPLOYMENT_TARGET = 10.11;
				MTL_ENABLE_DEBUG_INFO = YES;
				ONLY_ACTIVE_ARCH = YES;
				SDKROOT = macosx;
				SWIFT_OPTIMIZATION_LEVEL = "-Onone";
				SWIFT_VERSION = 3.0;
				VERSIONING_SYSTEM = "apple-generic";
				VERSION_INFO_PREFIX = "";
			};
			name = Debug;
		};
		002AA1261CC41B72004885A5 /* Release */ = {
			isa = XCBuildConfiguration;
			buildSettings = {
				ALWAYS_SEARCH_USER_PATHS = NO;
				CLANG_ANALYZER_NONNULL = YES;
				CLANG_CXX_LANGUAGE_STANDARD = "gnu++0x";
				CLANG_CXX_LIBRARY = "libc++";
				CLANG_ENABLE_MODULES = YES;
				CLANG_ENABLE_OBJC_ARC = YES;
				CLANG_WARN_BOOL_CONVERSION = YES;
				CLANG_WARN_CONSTANT_CONVERSION = YES;
				CLANG_WARN_DIRECT_OBJC_ISA_USAGE = YES_ERROR;
				CLANG_WARN_EMPTY_BODY = YES;
				CLANG_WARN_ENUM_CONVERSION = YES;
				CLANG_WARN_INFINITE_RECURSION = YES;
				CLANG_WARN_INT_CONVERSION = YES;
				CLANG_WARN_OBJC_ROOT_CLASS = YES_ERROR;
				CLANG_WARN_SUSPICIOUS_MOVE = YES;
				CLANG_WARN_UNREACHABLE_CODE = YES;
				CLANG_WARN__DUPLICATE_METHOD_MATCH = YES;
				CODE_SIGN_IDENTITY = "-";
				COPY_PHASE_STRIP = NO;
				CURRENT_PROJECT_VERSION = 1;
				DEBUG_INFORMATION_FORMAT = "dwarf-with-dsym";
				ENABLE_NS_ASSERTIONS = NO;
				ENABLE_STRICT_OBJC_MSGSEND = YES;
				GCC_C_LANGUAGE_STANDARD = gnu99;
				GCC_NO_COMMON_BLOCKS = YES;
				GCC_WARN_64_TO_32_BIT_CONVERSION = YES;
				GCC_WARN_ABOUT_RETURN_TYPE = YES_ERROR;
				GCC_WARN_UNDECLARED_SELECTOR = YES;
				GCC_WARN_UNINITIALIZED_AUTOS = YES_AGGRESSIVE;
				GCC_WARN_UNUSED_FUNCTION = YES;
				GCC_WARN_UNUSED_VARIABLE = YES;
				MACOSX_DEPLOYMENT_TARGET = 10.11;
				MTL_ENABLE_DEBUG_INFO = NO;
				SDKROOT = macosx;
				SWIFT_OPTIMIZATION_LEVEL = "-Owholemodule";
				SWIFT_VERSION = 3.0;
				VERSIONING_SYSTEM = "apple-generic";
				VERSION_INFO_PREFIX = "";
			};
			name = Release;
		};
		002AA1281CC41B72004885A5 /* Debug */ = {
			isa = XCBuildConfiguration;
			buildSettings = {
				COMBINE_HIDPI_IMAGES = YES;
				DEFINES_MODULE = YES;
				DYLIB_COMPATIBILITY_VERSION = 1;
				DYLIB_CURRENT_VERSION = 1;
				DYLIB_INSTALL_NAME_BASE = "@rpath";
				FRAMEWORK_SEARCH_PATHS = (
					"$(inherited)",
					"$(PROJECT_DIR)/Carthage/Build/Mac",
				);
				FRAMEWORK_VERSION = A;
				INFOPLIST_FILE = KeybaseSwift/Info.plist;
				INSTALL_PATH = "$(LOCAL_LIBRARY_DIR)/Frameworks";
				LD_RUNPATH_SEARCH_PATHS = "$(inherited) @executable_path/../Frameworks @loader_path/Frameworks";
				PRODUCT_BUNDLE_IDENTIFIER = me.rel.KeybaseSwift;
				PRODUCT_NAME = "$(TARGET_NAME)";
				SKIP_INSTALL = YES;
			};
			name = Debug;
		};
		002AA1291CC41B72004885A5 /* Release */ = {
			isa = XCBuildConfiguration;
			buildSettings = {
				COMBINE_HIDPI_IMAGES = YES;
				DEFINES_MODULE = YES;
				DYLIB_COMPATIBILITY_VERSION = 1;
				DYLIB_CURRENT_VERSION = 1;
				DYLIB_INSTALL_NAME_BASE = "@rpath";
				FRAMEWORK_SEARCH_PATHS = (
					"$(inherited)",
					"$(PROJECT_DIR)/Carthage/Build/Mac",
				);
				FRAMEWORK_VERSION = A;
				INFOPLIST_FILE = KeybaseSwift/Info.plist;
				INSTALL_PATH = "$(LOCAL_LIBRARY_DIR)/Frameworks";
				LD_RUNPATH_SEARCH_PATHS = "$(inherited) @executable_path/../Frameworks @loader_path/Frameworks";
				PRODUCT_BUNDLE_IDENTIFIER = me.rel.KeybaseSwift;
				PRODUCT_NAME = "$(TARGET_NAME)";
				SKIP_INSTALL = YES;
			};
			name = Release;
		};
/* End XCBuildConfiguration section */

/* Begin XCConfigurationList section */
		002AA10D1CC41B71004885A5 /* Build configuration list for PBXProject "KeybaseSwift" */ = {
			isa = XCConfigurationList;
			buildConfigurations = (
				002AA1251CC41B72004885A5 /* Debug */,
				002AA1261CC41B72004885A5 /* Release */,
			);
			defaultConfigurationIsVisible = 0;
			defaultConfigurationName = Release;
		};
		002AA1271CC41B72004885A5 /* Build configuration list for PBXNativeTarget "KeybaseSwift" */ = {
			isa = XCConfigurationList;
			buildConfigurations = (
				002AA1281CC41B72004885A5 /* Debug */,
				002AA1291CC41B72004885A5 /* Release */,
			);
			defaultConfigurationIsVisible = 0;
			defaultConfigurationName = Release;
		};
/* End XCConfigurationList section */
	};
	rootObject = 002AA10A1CC41B71004885A5 /* Project object */;
}
